
Microsoft Visual Studio Solution File, Format Version 12.00
# Visual Studio 2013
VisualStudioVersion = 12.0.40629.0
MinimumVisualStudioVersion = 10.0.40219.1
Project("{FAE04EC0-301F-11D3-BF4B-00C04F79EFBC}") = "AutoCompleteTestClient", "SilverlightApplication1\AutoCompleteTestClient.csproj", "{A70CE651-7868-4A30-8E28-3A11BE468A6A}"
EndProject
Project("{FAE04EC0-301F-11D3-BF4B-00C04F79EFBC}") = "AutoCompleteWebTest", "SilverlightApplication1.Web\AutoCompleteWebTest.csproj", "{6DFC804A-9705-41F6-B79B-A11DC09D8514}"
EndProject
Global
	GlobalSection(SolutionConfigurationPlatforms) = preSolution
		Debug|Any CPU = Debug|Any CPU
		Release|Any CPU = Release|Any CPU
	EndGlobalSection
	GlobalSection(ProjectConfigurationPlatforms) = postSolution
		{A70CE651-7868-4A30-8E28-3A11BE468A6A}.Debug|Any CPU.ActiveCfg = Debug|Any CPU
		{A70CE651-7868-4A30-8E28-3A11BE468A6A}.Debug|Any CPU.Build.0 = Debug|Any CPU
		{A70CE651-7868-4A30-8E28-3A11BE468A6A}.Release|Any CPU.ActiveCfg = Release|Any CPU
		{A70CE651-7868-4A30-8E28-3A11BE468A6A}.Release|Any CPU.Build.0 = Release|Any CPU
		{6DFC804A-9705-41F6-B79B-A11DC09D8514}.Debug|Any CPU.ActiveCfg = Debug|Any CPU
		{6DFC804A-9705-41F6-B79B-A11DC09D8514}.Debug|Any CPU.Build.0 = Debug|Any CPU
		{6DFC804A-9705-41F6-B79B-A11DC09D8514}.Release|Any CPU.ActiveCfg = Release|Any CPU
		{6DFC804A-9705-41F6-B79B-A11DC09D8514}.Release|Any CPU.Build.0 = Release|Any CPU
	EndGlobalSection
	GlobalSection(SolutionProperties) = preSolution
		HideSolutionNode = FALSE
	EndGlobalSection
EndGlobal
